
Microsoft Visual Studio Solution File, Format Version 12.00
# Visual Studio Version 17
VisualStudioVersion = 17.7.33808.371
MinimumVisualStudioVersion = 10.0.40219.1
Project("{FAE04EC0-301F-11D3-BF4B-00C04F79EFBC}") = "CommandWpf", "CommandWpf.csproj", "{7081B581-3D45-4C36-B5D4-38036C5917B5}"
EndProject
Global
	GlobalSection(SolutionConfigurationPlatforms) = preSolution
		Debug|Any CPU = Debug|Any CPU
		Release|Any CPU = Release|Any CPU
	EndGlobalSection
	GlobalSection(ProjectConfigurationPlatforms) = postSolution
		{7081B581-3D45-4C36-B5D4-38036C5917B5}.Debug|Any CPU.ActiveCfg = Debug|Any CPU
		{7081B581-3D45-4C36-B5D4-38036C5917B5}.Debug|Any CPU.Build.0 = Debug|Any CPU
		{7081B581-3D45-4C36-B5D4-38036C5917B5}.Release|Any CPU.ActiveCfg = Release|Any CPU
		{7081B581-3D45-4C36-B5D4-38036C5917B5}.Release|Any CPU.Build.0 = Release|Any CPU
	EndGlobalSection
	GlobalSection(SolutionProperties) = preSolution
		HideSolutionNode = FALSE
	EndGlobalSection
	GlobalSection(ExtensibilityGlobals) = postSolution
		SolutionGuid = {D8D6CDD4-9575-4F66-87F2-B96399682599}
	EndGlobalSection
EndGlobal
